// !$*UTF8*$!
{
	archiveVersion = 1;
	classes = {
	};
	objectVersion = 46;
	objects = {
/* Begin PBXBuildFile section */
		0207DA581B56EA530066E2B4 /* Images.xcassets in Resources */ = {isa = PBXBuildFile; fileRef = 0207DA571B56EA530066E2B4 /* Images.xcassets */; };
		1D3623260D0F684500981E51 /* AppDelegate.m in Sources */ = {isa = PBXBuildFile; fileRef = 1D3623250D0F684500981E51 /* AppDelegate.m */; };
		1D60589B0D05DD56006BFB54 /* main.m in Sources */ = {isa = PBXBuildFile; fileRef = 29B97316FDCFA39411CA2CEA /* main.m */; };
		301BF552109A68D80062928A /* libCordova.a in Frameworks */ = {isa = PBXBuildFile; fileRef = 301BF535109A57CC0062928A /* libCordova.a */; };
		302D95F114D2391D003F00A1 /* MainViewController.m in Sources */ = {isa = PBXBuildFile; fileRef = 302D95EF14D2391D003F00A1 /* MainViewController.m */; };
		302D95F214D2391D003F00A1 /* MainViewController.xib in Resources */ = {isa = PBXBuildFile; fileRef = 302D95F014D2391D003F00A1 /* MainViewController.xib */; };
		3047A5121AB8059700498E2A /* build-debug.xcconfig in Resources */ = {isa = PBXBuildFile; fileRef = 3047A50F1AB8059700498E2A /* build-debug.xcconfig */; };
		3047A5131AB8059700498E2A /* build-release.xcconfig in Resources */ = {isa = PBXBuildFile; fileRef = 3047A5101AB8059700498E2A /* build-release.xcconfig */; };
		3047A5141AB8059700498E2A /* build.xcconfig in Resources */ = {isa = PBXBuildFile; fileRef = 3047A5111AB8059700498E2A /* build.xcconfig */; };
		EEF79A77ECD2459B9A6F121A /* AudioToolbox.framework in Frameworks */ = {isa = PBXBuildFile; fileRef = C121DBC13D0A4137B206528F /* AudioToolbox.framework */; };
		82D59CE695C8430B85893717 /* CFNetwork.framework in Frameworks */ = {isa = PBXBuildFile; fileRef = 147A4C348AF34F26A9E78DCC /* CFNetwork.framework */; };
		2B9102176FB94200B276A655 /* CoreLocation.framework in Frameworks */ = {isa = PBXBuildFile; fileRef = 47024A873CD74B31864C3EA8 /* CoreLocation.framework */; };
		FF6A6CF6D8D0425D94EB5136 /* QuartzCore.framework in Frameworks */ = {isa = PBXBuildFile; fileRef = 65DC7F3BAC334EEBB4B0BCD0 /* QuartzCore.framework */; };
		642CA7096FAC4576958224AC /* Security.framework in Frameworks */ = {isa = PBXBuildFile; fileRef = 8635074F7DFA4917B02363F6 /* Security.framework */; };
		1F88BA9A4C32488B8C13CC6E /* StoreKit.framework in Frameworks */ = {isa = PBXBuildFile; fileRef = 8FE0C678DF0D4824B73CF673 /* StoreKit.framework */; };
		AFDE342E68B9443AA10A63FD /* SystemConfiguration.framework in Frameworks */ = {isa = PBXBuildFile; fileRef = 1BE8AFEBE598488299C51678 /* SystemConfiguration.framework */; };
		3EBF6C00BC024B6394C14A10 /* libz.tbd in Frameworks */ = {isa = PBXBuildFile; fileRef = A6DFC867C6174F43BBFAC3AE /* libz.tbd */; };
		73C91A868DFD41D5A1C94EF7 /* libsqlite3.tbd in Frameworks */ = {isa = PBXBuildFile; fileRef = D6E609599A0449A497720461 /* libsqlite3.tbd */; };
		65171BE6D7C74C009202DC05 /* CoreTelephony.framework in Frameworks */ = {isa = PBXBuildFile; fileRef = DB9459A5BC8943B69631A6E9 /* CoreTelephony.framework */; };
		6F3265FB0D0D40A8A166A3C1 /* Social.framework in Frameworks */ = {isa = PBXBuildFile; fileRef = 182E9BC5F51248FCBBEFAE96 /* Social.framework */; settings = {ATTRIBUTES = (Weak, ); }; };
		3A07A951D7C344B1AD4E1F32 /* MessageUI.framework in Frameworks */ = {isa = PBXBuildFile; fileRef = AF21946AEC534AF5BB2E14FE /* MessageUI.framework */; settings = {ATTRIBUTES = (Weak, ); }; };
		B64EE448E9E548FCAD816876 /* CDVLogger.m in Sources */ = {isa = PBXBuildFile; fileRef = 446AF9A0CC0548A398A4FCF8 /* CDVLogger.m */; };
		60299AE8D8A349CE91598715 /* CDVDevice.m in Sources */ = {isa = PBXBuildFile; fileRef = 706F0DA1783E4C5EB61947D8 /* CDVDevice.m */; };
		30907F074E5C46B48DE4F79B /* CDVNotification.m in Sources */ = {isa = PBXBuildFile; fileRef = 7FF32266046E421187535A43 /* CDVNotification.m */; };
		F42B4EF3652E437CB651EF5B /* CDVNotification.bundle in Resources */ = {isa = PBXBuildFile; fileRef = F64742A44EEF496C87ECD5E3 /* CDVNotification.bundle */; };
		D6A3096ED46F486E8D8A42FC /* FacebookConnectPlugin.m in Sources */ = {isa = PBXBuildFile; fileRef = EFB465E67B284D938F032BC9 /* FacebookConnectPlugin.m */; };
		23995399E82A49DFAA56823D /* FBSDKCoreKit.framework in Frameworks */ = {isa = PBXBuildFile; fileRef = A7EA0992EF894A6AB7DAF3B8 /* FBSDKCoreKit.framework */; };
		2ED1F415037C4071A69CAF50 /* FBSDKLoginKit.framework in Frameworks */ = {isa = PBXBuildFile; fileRef = 1764BF1354E64EC69CA69FA3 /* FBSDKLoginKit.framework */; };
		9C29E1441EAE435E816207BF /* FBSDKShareKit.framework in Frameworks */ = {isa = PBXBuildFile; fileRef = 4D68834398B0470B8A53C492 /* FBSDKShareKit.framework */; };
		99AE32F723504AC3AB228087 /* CDVInAppBrowser.m in Sources */ = {isa = PBXBuildFile; fileRef = 6A31C575F44E4C139FEE3058 /* CDVInAppBrowser.m */; };
		DE899CAF675345D5A8238D5C /* CDVSplashScreen.m in Sources */ = {isa = PBXBuildFile; fileRef = B184CB3100B9489EB36BCC5F /* CDVSplashScreen.m */; };
		92C95848DCEA480C8A1E35F3 /* CDVViewController+SplashScreen.m in Sources */ = {isa = PBXBuildFile; fileRef = 28F5B89DEDCC4D20AB503BEE /* CDVViewController+SplashScreen.m */; };
		61090554EF62456BAB4B3B3B /* IonicKeyboard.m in Sources */ = {isa = PBXBuildFile; fileRef = 1F1F8EED2C3D4ABDBF46E73E /* IonicKeyboard.m */; };
		625F975B33EB45ECACABC7AA /* ParsePushPlugin.m in Sources */ = {isa = PBXBuildFile; fileRef = 116D855AA1114C8EA89635CA /* ParsePushPlugin.m */; };
		A8C75D8416B841B4849C38F9 /* AppDelegate+parsepush.m in Sources */ = {isa = PBXBuildFile; fileRef = B98CED40685A496EA78A4DA7 /* AppDelegate+parsepush.m */; };
		28E402F345334ECC8F4DC916 /* Parse.framework in Frameworks */ = {isa = PBXBuildFile; fileRef = F8A2A618FC6C4981AD4E3F1D /* Parse.framework */; };
		B54AAFEEEA4243D8AF11BD92 /* Bolts.framework in Frameworks */ = {isa = PBXBuildFile; fileRef = 98EC69C23D1543618D9DC94F /* Bolts.framework */; };
		361D9AD49DC647658D614FF3 /* CDVConnection.m in Sources */ = {isa = PBXBuildFile; fileRef = E9D3DDF47EF346DD8F4C9794 /* CDVConnection.m */; };
		C9F410FA5EFE4F729DE7A172 /* CDVReachability.m in Sources */ = {isa = PBXBuildFile; fileRef = A2538BF87126462AA4B547E8 /* CDVReachability.m */; };
		FAA7242B24334052940EC78B /* CDVSpinnerDialog.m in Sources */ = {isa = PBXBuildFile; fileRef = 6C108F0157CD4A3FAEC4462A /* CDVSpinnerDialog.m */; };
		50ACCC7B99E44979B2EFA66B /* CDVStatusBar.m in Sources */ = {isa = PBXBuildFile; fileRef = EB5DE4C09516469DB4E5C747 /* CDVStatusBar.m */; };
		ED4D88F3AAB14ED1A8848C22 /* NSString+URLEncoding.m in Sources */ = {isa = PBXBuildFile; fileRef = 611D7367185E43029716FE03 /* NSString+URLEncoding.m */; };
		C6E59BD3512C4C2291EBDDFB /* SocialSharing.m in Sources */ = {isa = PBXBuildFile; fileRef = 3038603DF2324A04B7648416 /* SocialSharing.m */; };
		3F5AC12B22CD48DA9F6C8104 /* BackgroundAudio.m in Sources */ = {isa = PBXBuildFile; fileRef = 1A53EA01146E47C08E23FF5F /* BackgroundAudio.m */; };
/* End PBXBuildFile section */

/* Begin PBXContainerItemProxy section */
		301BF534109A57CC0062928A /* PBXContainerItemProxy */ = {
			isa = PBXContainerItemProxy;
			containerPortal = 301BF52D109A57CC0062928A /* CordovaLib.xcodeproj */;
			proxyType = 2;
			remoteGlobalIDString = D2AAC07E0554694100DB518D;
			remoteInfo = CordovaLib;
		};
		301BF550109A68C00062928A /* PBXContainerItemProxy */ = {
			isa = PBXContainerItemProxy;
			containerPortal = 301BF52D109A57CC0062928A /* CordovaLib.xcodeproj */;
			proxyType = 1;
			remoteGlobalIDString = D2AAC07D0554694100DB518D;
			remoteInfo = CordovaLib;
		};
/* End PBXContainerItemProxy section */

/* Begin PBXFileReference section */
		0207DA571B56EA530066E2B4 /* Images.xcassets */ = {isa = PBXFileReference; lastKnownFileType = folder.assetcatalog; name = Images.xcassets; path = "ShortFilmWindow/Images.xcassets"; sourceTree = SOURCE_ROOT; };
		1D3623240D0F684500981E51 /* AppDelegate.h */ = {isa = PBXFileReference; fileEncoding = 4; lastKnownFileType = sourcecode.c.h; path = AppDelegate.h; sourceTree = "<group>"; };
		1D3623250D0F684500981E51 /* AppDelegate.m */ = {isa = PBXFileReference; fileEncoding = 4; lastKnownFileType = sourcecode.c.objc; path = AppDelegate.m; sourceTree = "<group>"; };
		1D6058910D05DD3D006BFB54 /* ShortFilmWindow.app */ = {isa = PBXFileReference; explicitFileType = wrapper.application; includeInIndex = 0; path = "ShortFilmWindow.app"; sourceTree = BUILT_PRODUCTS_DIR; };
		29B97316FDCFA39411CA2CEA /* main.m */ = {isa = PBXFileReference; fileEncoding = 4; lastKnownFileType = sourcecode.c.objc; path = main.m; sourceTree = "<group>"; };
		301BF52D109A57CC0062928A /* CordovaLib.xcodeproj */ = {isa = PBXFileReference; lastKnownFileType = "wrapper.pb-project"; name = CordovaLib.xcodeproj; path = CordovaLib/CordovaLib.xcodeproj; sourceTree = "<group>"; };
		301BF56E109A69640062928A /* www */ = {isa = PBXFileReference; lastKnownFileType = folder; path = www; sourceTree = SOURCE_ROOT; };
		302D95EE14D2391D003F00A1 /* MainViewController.h */ = {isa = PBXFileReference; fileEncoding = 4; lastKnownFileType = sourcecode.c.h; path = MainViewController.h; sourceTree = "<group>"; };
		302D95EF14D2391D003F00A1 /* MainViewController.m */ = {isa = PBXFileReference; fileEncoding = 4; lastKnownFileType = sourcecode.c.objc; path = MainViewController.m; sourceTree = "<group>"; };
		302D95F014D2391D003F00A1 /* MainViewController.xib */ = {isa = PBXFileReference; fileEncoding = 4; lastKnownFileType = file.xib; path = MainViewController.xib; sourceTree = "<group>"; };
		3047A50F1AB8059700498E2A /* build-debug.xcconfig */ = {isa = PBXFileReference; fileEncoding = 4; lastKnownFileType = text.xcconfig; name = "build-debug.xcconfig"; path = cordova/build-debug.xcconfig; sourceTree = SOURCE_ROOT; };
		3047A5101AB8059700498E2A /* build-release.xcconfig */ = {isa = PBXFileReference; fileEncoding = 4; lastKnownFileType = text.xcconfig; name = "build-release.xcconfig"; path = cordova/build-release.xcconfig; sourceTree = SOURCE_ROOT; };
		3047A5111AB8059700498E2A /* build.xcconfig */ = {isa = PBXFileReference; fileEncoding = 4; lastKnownFileType = text.xcconfig; name = build.xcconfig; path = cordova/build.xcconfig; sourceTree = SOURCE_ROOT; };
		32CA4F630368D1EE00C91783 /* ShortFilmWindow-Prefix.pch */ = {isa = PBXFileReference; fileEncoding = 4; lastKnownFileType = sourcecode.c.h; path = "ShortFilmWindow-Prefix.pch"; sourceTree = "<group>"; };
		8D1107310486CEB800E47090 /* ShortFilmWindow-Info.plist */ = {isa = PBXFileReference; fileEncoding = 4; lastKnownFileType = text.plist.xml; name = "ShortFilmWindow-Info.plist"; path = "ShortFilmWindow/ShortFilmWindow-Info.plist"; plistStructureDefinitionIdentifier = "com.apple.xcode.plist.structure-definition.iphone.info-plist"; sourceTree = SOURCE_ROOT; };
		EB87FDF31871DA8E0020F90C /* www */ = {isa = PBXFileReference; lastKnownFileType = folder; name = www; path = ../../www; sourceTree = "<group>"; };
		EB87FDF41871DAF40020F90C /* config.xml */ = {isa = PBXFileReference; lastKnownFileType = text.xml; name = config.xml; path = ../../config.xml; sourceTree = "<group>"; };
		F840E1F0165FE0F500CFE078 /* config.xml */ = {isa = PBXFileReference; lastKnownFileType = text.xml; name = config.xml; path = "ShortFilmWindow/config.xml"; sourceTree = "<group>"; };
		ED33DF2A687741AEAF9F8254 /* Bridging-Header.h */ = {isa = PBXFileReference; fileEncoding = 4; lastKnownFileType = sourcecode.c.h; name = "Bridging-Header.h"; path = "Bridging-Header.h"; sourceTree = "<group>"; };
		C121DBC13D0A4137B206528F /* AudioToolbox.framework */ = {isa = PBXFileReference; name = "AudioToolbox.framework"; path = "System/Library/Frameworks/AudioToolbox.framework"; sourceTree = SDKROOT; fileEncoding = undefined; lastKnownFileType = wrapper.framework; explicitFileType = undefined; includeInIndex = 0; };
		147A4C348AF34F26A9E78DCC /* CFNetwork.framework */ = {isa = PBXFileReference; name = "CFNetwork.framework"; path = "System/Library/Frameworks/CFNetwork.framework"; sourceTree = SDKROOT; fileEncoding = undefined; lastKnownFileType = wrapper.framework; explicitFileType = undefined; includeInIndex = 0; };
		47024A873CD74B31864C3EA8 /* CoreLocation.framework */ = {isa = PBXFileReference; name = "CoreLocation.framework"; path = "System/Library/Frameworks/CoreLocation.framework"; sourceTree = SDKROOT; fileEncoding = undefined; lastKnownFileType = wrapper.framework; explicitFileType = undefined; includeInIndex = 0; };
		65DC7F3BAC334EEBB4B0BCD0 /* QuartzCore.framework */ = {isa = PBXFileReference; name = "QuartzCore.framework"; path = "System/Library/Frameworks/QuartzCore.framework"; sourceTree = SDKROOT; fileEncoding = undefined; lastKnownFileType = wrapper.framework; explicitFileType = undefined; includeInIndex = 0; };
		8635074F7DFA4917B02363F6 /* Security.framework */ = {isa = PBXFileReference; name = "Security.framework"; path = "System/Library/Frameworks/Security.framework"; sourceTree = SDKROOT; fileEncoding = undefined; lastKnownFileType = wrapper.framework; explicitFileType = undefined; includeInIndex = 0; };
		8FE0C678DF0D4824B73CF673 /* StoreKit.framework */ = {isa = PBXFileReference; name = "StoreKit.framework"; path = "System/Library/Frameworks/StoreKit.framework"; sourceTree = SDKROOT; fileEncoding = undefined; lastKnownFileType = wrapper.framework; explicitFileType = undefined; includeInIndex = 0; };
		1BE8AFEBE598488299C51678 /* SystemConfiguration.framework */ = {isa = PBXFileReference; name = "SystemConfiguration.framework"; path = "System/Library/Frameworks/SystemConfiguration.framework"; sourceTree = SDKROOT; fileEncoding = undefined; lastKnownFileType = wrapper.framework; explicitFileType = undefined; includeInIndex = 0; };
		A6DFC867C6174F43BBFAC3AE /* libz.tbd */ = {isa = PBXFileReference; name = "libz.tbd"; path = "usr/lib/libz.tbd"; sourceTree = SDKROOT; fileEncoding = undefined; lastKnownFileType = sourcecode.text-based-dylib-definition; explicitFileType = undefined; includeInIndex = 0; };
		D6E609599A0449A497720461 /* libsqlite3.tbd */ = {isa = PBXFileReference; name = "libsqlite3.tbd"; path = "usr/lib/libsqlite3.tbd"; sourceTree = SDKROOT; fileEncoding = undefined; lastKnownFileType = sourcecode.text-based-dylib-definition; explicitFileType = undefined; includeInIndex = 0; };
		DB9459A5BC8943B69631A6E9 /* CoreTelephony.framework */ = {isa = PBXFileReference; name = "CoreTelephony.framework"; path = "System/Library/Frameworks/CoreTelephony.framework"; sourceTree = SDKROOT; fileEncoding = undefined; lastKnownFileType = wrapper.framework; explicitFileType = undefined; includeInIndex = 0; };
		182E9BC5F51248FCBBEFAE96 /* Social.framework */ = {isa = PBXFileReference; name = "Social.framework"; path = "System/Library/Frameworks/Social.framework"; sourceTree = SDKROOT; fileEncoding = undefined; lastKnownFileType = wrapper.framework; explicitFileType = undefined; includeInIndex = 0; };
		AF21946AEC534AF5BB2E14FE /* MessageUI.framework */ = {isa = PBXFileReference; name = "MessageUI.framework"; path = "System/Library/Frameworks/MessageUI.framework"; sourceTree = SDKROOT; fileEncoding = undefined; lastKnownFileType = wrapper.framework; explicitFileType = undefined; includeInIndex = 0; };
		446AF9A0CC0548A398A4FCF8 /* CDVLogger.m */ = {isa = PBXFileReference; name = "CDVLogger.m"; path = "cordova-plugin-console/CDVLogger.m"; sourceTree = "<group>"; fileEncoding = 4; lastKnownFileType = sourcecode.c.objc; explicitFileType = undefined; includeInIndex = 0; };
		933B96B182D04F4694BF3694 /* CDVLogger.h */ = {isa = PBXFileReference; name = "CDVLogger.h"; path = "cordova-plugin-console/CDVLogger.h"; sourceTree = "<group>"; fileEncoding = 4; lastKnownFileType = sourcecode.c.h; explicitFileType = undefined; includeInIndex = 0; };
		706F0DA1783E4C5EB61947D8 /* CDVDevice.m */ = {isa = PBXFileReference; name = "CDVDevice.m"; path = "cordova-plugin-device/CDVDevice.m"; sourceTree = "<group>"; fileEncoding = 4; lastKnownFileType = sourcecode.c.objc; explicitFileType = undefined; includeInIndex = 0; };
		2E25C457B0E74B52ADA03E2B /* CDVDevice.h */ = {isa = PBXFileReference; name = "CDVDevice.h"; path = "cordova-plugin-device/CDVDevice.h"; sourceTree = "<group>"; fileEncoding = 4; lastKnownFileType = sourcecode.c.h; explicitFileType = undefined; includeInIndex = 0; };
		7FF32266046E421187535A43 /* CDVNotification.m */ = {isa = PBXFileReference; name = "CDVNotification.m"; path = "cordova-plugin-dialogs/CDVNotification.m"; sourceTree = "<group>"; fileEncoding = 4; lastKnownFileType = sourcecode.c.objc; explicitFileType = undefined; includeInIndex = 0; };
		35D9538A0D84445EAF0CA0F9 /* CDVNotification.h */ = {isa = PBXFileReference; name = "CDVNotification.h"; path = "cordova-plugin-dialogs/CDVNotification.h"; sourceTree = "<group>"; fileEncoding = 4; lastKnownFileType = sourcecode.c.h; explicitFileType = undefined; includeInIndex = 0; };
		F64742A44EEF496C87ECD5E3 /* CDVNotification.bundle */ = {isa = PBXFileReference; name = "CDVNotification.bundle"; path = "CDVNotification.bundle"; sourceTree = "<group>"; fileEncoding = undefined; lastKnownFileType = wrapper.plug-in; explicitFileType = undefined; includeInIndex = 0; };
		EFB465E67B284D938F032BC9 /* FacebookConnectPlugin.m */ = {isa = PBXFileReference; name = "FacebookConnectPlugin.m"; path = "cordova-plugin-facebook4/FacebookConnectPlugin.m"; sourceTree = "<group>"; fileEncoding = 4; lastKnownFileType = sourcecode.c.objc; explicitFileType = undefined; includeInIndex = 0; };
		B45E99FFBC5640B8B8ED5673 /* FacebookConnectPlugin.h */ = {isa = PBXFileReference; name = "FacebookConnectPlugin.h"; path = "cordova-plugin-facebook4/FacebookConnectPlugin.h"; sourceTree = "<group>"; fileEncoding = 4; lastKnownFileType = sourcecode.c.h; explicitFileType = undefined; includeInIndex = 0; };
		A7EA0992EF894A6AB7DAF3B8 /* FBSDKCoreKit.framework */ = {isa = PBXFileReference; name = "FBSDKCoreKit.framework"; path = "ShortFilmWindow/Plugins/cordova-plugin-facebook4/FBSDKCoreKit.framework"; sourceTree = "<group>"; fileEncoding = undefined; lastKnownFileType = wrapper.framework; explicitFileType = undefined; includeInIndex = 0; };
		1764BF1354E64EC69CA69FA3 /* FBSDKLoginKit.framework */ = {isa = PBXFileReference; name = "FBSDKLoginKit.framework"; path = "ShortFilmWindow/Plugins/cordova-plugin-facebook4/FBSDKLoginKit.framework"; sourceTree = "<group>"; fileEncoding = undefined; lastKnownFileType = wrapper.framework; explicitFileType = undefined; includeInIndex = 0; };
		4D68834398B0470B8A53C492 /* FBSDKShareKit.framework */ = {isa = PBXFileReference; name = "FBSDKShareKit.framework"; path = "ShortFilmWindow/Plugins/cordova-plugin-facebook4/FBSDKShareKit.framework"; sourceTree = "<group>"; fileEncoding = undefined; lastKnownFileType = wrapper.framework; explicitFileType = undefined; includeInIndex = 0; };
		6A31C575F44E4C139FEE3058 /* CDVInAppBrowser.m */ = {isa = PBXFileReference; name = "CDVInAppBrowser.m"; path = "cordova-plugin-inappbrowser/CDVInAppBrowser.m"; sourceTree = "<group>"; fileEncoding = 4; lastKnownFileType = sourcecode.c.objc; explicitFileType = undefined; includeInIndex = 0; };
		041C16118FBD463B8606E389 /* CDVInAppBrowser.h */ = {isa = PBXFileReference; name = "CDVInAppBrowser.h"; path = "cordova-plugin-inappbrowser/CDVInAppBrowser.h"; sourceTree = "<group>"; fileEncoding = 4; lastKnownFileType = sourcecode.c.h; explicitFileType = undefined; includeInIndex = 0; };
		B184CB3100B9489EB36BCC5F /* CDVSplashScreen.m */ = {isa = PBXFileReference; name = "CDVSplashScreen.m"; path = "cordova-plugin-splashscreen/CDVSplashScreen.m"; sourceTree = "<group>"; fileEncoding = 4; lastKnownFileType = sourcecode.c.objc; explicitFileType = undefined; includeInIndex = 0; };
		28F5B89DEDCC4D20AB503BEE /* CDVViewController+SplashScreen.m */ = {isa = PBXFileReference; name = "CDVViewController+SplashScreen.m"; path = "cordova-plugin-splashscreen/CDVViewController+SplashScreen.m"; sourceTree = "<group>"; fileEncoding = 4; lastKnownFileType = sourcecode.c.objc; explicitFileType = undefined; includeInIndex = 0; };
		53F03C6E1F8342DAA9D54192 /* CDVSplashScreen.h */ = {isa = PBXFileReference; name = "CDVSplashScreen.h"; path = "cordova-plugin-splashscreen/CDVSplashScreen.h"; sourceTree = "<group>"; fileEncoding = 4; lastKnownFileType = sourcecode.c.h; explicitFileType = undefined; includeInIndex = 0; };
		A81CFAB7C55048BFA163EA52 /* CDVViewController+SplashScreen.h */ = {isa = PBXFileReference; name = "CDVViewController+SplashScreen.h"; path = "cordova-plugin-splashscreen/CDVViewController+SplashScreen.h"; sourceTree = "<group>"; fileEncoding = 4; lastKnownFileType = sourcecode.c.h; explicitFileType = undefined; includeInIndex = 0; };
		1F1F8EED2C3D4ABDBF46E73E /* IonicKeyboard.m */ = {isa = PBXFileReference; name = "IonicKeyboard.m"; path = "ionic-plugin-keyboard/IonicKeyboard.m"; sourceTree = "<group>"; fileEncoding = 4; lastKnownFileType = sourcecode.c.objc; explicitFileType = undefined; includeInIndex = 0; };
		2A0A2B655FCA4ABF8B9879E8 /* IonicKeyboard.h */ = {isa = PBXFileReference; name = "IonicKeyboard.h"; path = "ionic-plugin-keyboard/IonicKeyboard.h"; sourceTree = "<group>"; fileEncoding = 4; lastKnownFileType = sourcecode.c.h; explicitFileType = undefined; includeInIndex = 0; };
		116D855AA1114C8EA89635CA /* ParsePushPlugin.m */ = {isa = PBXFileReference; name = "ParsePushPlugin.m"; path = "com.phonegap.parsepushplugin/ParsePushPlugin.m"; sourceTree = "<group>"; fileEncoding = 4; lastKnownFileType = sourcecode.c.objc; explicitFileType = undefined; includeInIndex = 0; };
		B98CED40685A496EA78A4DA7 /* AppDelegate+parsepush.m */ = {isa = PBXFileReference; name = "AppDelegate+parsepush.m"; path = "com.phonegap.parsepushplugin/AppDelegate+parsepush.m"; sourceTree = "<group>"; fileEncoding = 4; lastKnownFileType = sourcecode.c.objc; explicitFileType = undefined; includeInIndex = 0; };
		DBD2C056EA1D434FA15CC78C /* ParsePushPlugin.h */ = {isa = PBXFileReference; name = "ParsePushPlugin.h"; path = "com.phonegap.parsepushplugin/ParsePushPlugin.h"; sourceTree = "<group>"; fileEncoding = 4; lastKnownFileType = sourcecode.c.h; explicitFileType = undefined; includeInIndex = 0; };
		AF3F7E3310DC41D2886A91F6 /* AppDelegate+parsepush.h */ = {isa = PBXFileReference; name = "AppDelegate+parsepush.h"; path = "com.phonegap.parsepushplugin/AppDelegate+parsepush.h"; sourceTree = "<group>"; fileEncoding = 4; lastKnownFileType = sourcecode.c.h; explicitFileType = undefined; includeInIndex = 0; };
		F8A2A618FC6C4981AD4E3F1D /* Parse.framework */ = {isa = PBXFileReference; name = "Parse.framework"; path = "ShortFilmWindow/Plugins/com.phonegap.parsepushplugin/Parse.framework"; sourceTree = "<group>"; fileEncoding = undefined; lastKnownFileType = wrapper.framework; explicitFileType = undefined; includeInIndex = 0; };
		98EC69C23D1543618D9DC94F /* Bolts.framework */ = {isa = PBXFileReference; name = "Bolts.framework"; path = "ShortFilmWindow/Plugins/com.phonegap.parsepushplugin/Bolts.framework"; sourceTree = "<group>"; fileEncoding = undefined; lastKnownFileType = wrapper.framework; explicitFileType = undefined; includeInIndex = 0; };
		E9D3DDF47EF346DD8F4C9794 /* CDVConnection.m */ = {isa = PBXFileReference; name = "CDVConnection.m"; path = "cordova-plugin-network-information/CDVConnection.m"; sourceTree = "<group>"; fileEncoding = 4; lastKnownFileType = sourcecode.c.objc; explicitFileType = undefined; includeInIndex = 0; };
		A2538BF87126462AA4B547E8 /* CDVReachability.m */ = {isa = PBXFileReference; name = "CDVReachability.m"; path = "cordova-plugin-network-information/CDVReachability.m"; sourceTree = "<group>"; fileEncoding = 4; lastKnownFileType = sourcecode.c.objc; explicitFileType = undefined; includeInIndex = 0; };
		E7DFF466625B460F9E16029F /* CDVConnection.h */ = {isa = PBXFileReference; name = "CDVConnection.h"; path = "cordova-plugin-network-information/CDVConnection.h"; sourceTree = "<group>"; fileEncoding = 4; lastKnownFileType = sourcecode.c.h; explicitFileType = undefined; includeInIndex = 0; };
		3F5B984423324C39BF70EC8F /* CDVReachability.h */ = {isa = PBXFileReference; name = "CDVReachability.h"; path = "cordova-plugin-network-information/CDVReachability.h"; sourceTree = "<group>"; fileEncoding = 4; lastKnownFileType = sourcecode.c.h; explicitFileType = undefined; includeInIndex = 0; };
		6C108F0157CD4A3FAEC4462A /* CDVSpinnerDialog.m */ = {isa = PBXFileReference; name = "CDVSpinnerDialog.m"; path = "cordova-plugin-spinner-dialog/CDVSpinnerDialog.m"; sourceTree = "<group>"; fileEncoding = 4; lastKnownFileType = sourcecode.c.objc; explicitFileType = undefined; includeInIndex = 0; };
		C3D21B3AC47441BD83678B2D /* CDVSpinnerDialog.h */ = {isa = PBXFileReference; name = "CDVSpinnerDialog.h"; path = "cordova-plugin-spinner-dialog/CDVSpinnerDialog.h"; sourceTree = "<group>"; fileEncoding = 4; lastKnownFileType = sourcecode.c.h; explicitFileType = undefined; includeInIndex = 0; };
		EB5DE4C09516469DB4E5C747 /* CDVStatusBar.m */ = {isa = PBXFileReference; name = "CDVStatusBar.m"; path = "cordova-plugin-statusbar/CDVStatusBar.m"; sourceTree = "<group>"; fileEncoding = 4; lastKnownFileType = sourcecode.c.objc; explicitFileType = undefined; includeInIndex = 0; };
		546EEA82DA064EE8AE18BEE1 /* CDVStatusBar.h */ = {isa = PBXFileReference; name = "CDVStatusBar.h"; path = "cordova-plugin-statusbar/CDVStatusBar.h"; sourceTree = "<group>"; fileEncoding = 4; lastKnownFileType = sourcecode.c.h; explicitFileType = undefined; includeInIndex = 0; };
		611D7367185E43029716FE03 /* NSString+URLEncoding.m */ = {isa = PBXFileReference; name = "NSString+URLEncoding.m"; path = "cordova-plugin-x-socialsharing/NSString+URLEncoding.m"; sourceTree = "<group>"; fileEncoding = 4; lastKnownFileType = sourcecode.c.objc; explicitFileType = undefined; includeInIndex = 0; };
		3038603DF2324A04B7648416 /* SocialSharing.m */ = {isa = PBXFileReference; name = "SocialSharing.m"; path = "cordova-plugin-x-socialsharing/SocialSharing.m"; sourceTree = "<group>"; fileEncoding = 4; lastKnownFileType = sourcecode.c.objc; explicitFileType = undefined; includeInIndex = 0; };
		DB7D491F5CDD44908851BA10 /* NSString+URLEncoding.h */ = {isa = PBXFileReference; name = "NSString+URLEncoding.h"; path = "cordova-plugin-x-socialsharing/NSString+URLEncoding.h"; sourceTree = "<group>"; fileEncoding = 4; lastKnownFileType = sourcecode.c.h; explicitFileType = undefined; includeInIndex = 0; };
		D02775377BDA45E0A7949C84 /* SocialSharing.h */ = {isa = PBXFileReference; name = "SocialSharing.h"; path = "cordova-plugin-x-socialsharing/SocialSharing.h"; sourceTree = "<group>"; fileEncoding = 4; lastKnownFileType = sourcecode.c.h; explicitFileType = undefined; includeInIndex = 0; };
		1A53EA01146E47C08E23FF5F /* BackgroundAudio.m */ = {isa = PBXFileReference; name = "BackgroundAudio.m"; path = "nl.x-services.plugins.backgroundaudio/BackgroundAudio.m"; sourceTree = "<group>"; fileEncoding = 4; lastKnownFileType = sourcecode.c.objc; explicitFileType = undefined; includeInIndex = 0; };
		5F999EE68D044F3DB0F5791C /* BackgroundAudio.h */ = {isa = PBXFileReference; name = "BackgroundAudio.h"; path = "nl.x-services.plugins.backgroundaudio/BackgroundAudio.h"; sourceTree = "<group>"; fileEncoding = 4; lastKnownFileType = sourcecode.c.h; explicitFileType = undefined; includeInIndex = 0; };
/* End PBXFileReference section */

/* Begin PBXFrameworksBuildPhase section */
		1D60588F0D05DD3D006BFB54 /* Frameworks */ = {
			isa = PBXFrameworksBuildPhase;
			buildActionMask = 2147483647;
			files = (
				301BF552109A68D80062928A /* libCordova.a in Frameworks */,
				EEF79A77ECD2459B9A6F121A /* AudioToolbox.framework in Frameworks */,
				82D59CE695C8430B85893717 /* CFNetwork.framework in Frameworks */,
				2B9102176FB94200B276A655 /* CoreLocation.framework in Frameworks */,
				FF6A6CF6D8D0425D94EB5136 /* QuartzCore.framework in Frameworks */,
				642CA7096FAC4576958224AC /* Security.framework in Frameworks */,
				1F88BA9A4C32488B8C13CC6E /* StoreKit.framework in Frameworks */,
				AFDE342E68B9443AA10A63FD /* SystemConfiguration.framework in Frameworks */,
				3EBF6C00BC024B6394C14A10 /* libz.tbd in Frameworks */,
				73C91A868DFD41D5A1C94EF7 /* libsqlite3.tbd in Frameworks */,
				65171BE6D7C74C009202DC05 /* CoreTelephony.framework in Frameworks */,
				6F3265FB0D0D40A8A166A3C1 /* Social.framework in Frameworks */,
				3A07A951D7C344B1AD4E1F32 /* MessageUI.framework in Frameworks */,
				23995399E82A49DFAA56823D /* FBSDKCoreKit.framework in Frameworks */,
				2ED1F415037C4071A69CAF50 /* FBSDKLoginKit.framework in Frameworks */,
				9C29E1441EAE435E816207BF /* FBSDKShareKit.framework in Frameworks */,
				28E402F345334ECC8F4DC916 /* Parse.framework in Frameworks */,
				B54AAFEEEA4243D8AF11BD92 /* Bolts.framework in Frameworks */,
			);
			runOnlyForDeploymentPostprocessing = 0;
		};
/* End PBXFrameworksBuildPhase section */

/* Begin PBXGroup section */
		080E96DDFE201D6D7F000001 /* Classes */ = {
			isa = PBXGroup;
			children = (
				302D95EE14D2391D003F00A1 /* MainViewController.h */,
				302D95EF14D2391D003F00A1 /* MainViewController.m */,
				302D95F014D2391D003F00A1 /* MainViewController.xib */,
				1D3623240D0F684500981E51 /* AppDelegate.h */,
				1D3623250D0F684500981E51 /* AppDelegate.m */,
			);
			name = Classes;
			path = "ShortFilmWindow/Classes";
			sourceTree = SOURCE_ROOT;
		};
		19C28FACFE9D520D11CA2CBB /* Products */ = {
			isa = PBXGroup;
			children = (
				1D6058910D05DD3D006BFB54 /* ShortFilmWindow.app */,
			);
			name = Products;
			sourceTree = "<group>";
		};
		29B97314FDCFA39411CA2CEA /* CustomTemplate */ = {
			isa = PBXGroup;
			children = (
				EB87FDF41871DAF40020F90C /* config.xml */,
				EB87FDF31871DA8E0020F90C /* www */,
				EB87FDF11871DA420020F90C /* Staging */,
				301BF52D109A57CC0062928A /* CordovaLib.xcodeproj */,
				080E96DDFE201D6D7F000001 /* Classes */,
				307C750510C5A3420062BCA9 /* Plugins */,
				29B97315FDCFA39411CA2CEA /* Other Sources */,
				29B97317FDCFA39411CA2CEA /* Resources */,
				29B97323FDCFA39411CA2CEA /* Frameworks */,
				19C28FACFE9D520D11CA2CBB /* Products */,
			);
			name = CustomTemplate;
			sourceTree = "<group>";
		};
		29B97315FDCFA39411CA2CEA /* Other Sources */ = {
			isa = PBXGroup;
			children = (
				32CA4F630368D1EE00C91783 /* ShortFilmWindow-Prefix.pch */,
				29B97316FDCFA39411CA2CEA /* main.m */,
				ED33DF2A687741AEAF9F8254 /* Bridging-Header.h */,
			);
			name = "Other Sources";
			path = "ShortFilmWindow";
			sourceTree = "<group>";
		};
		29B97317FDCFA39411CA2CEA /* Resources */ = {
			isa = PBXGroup;
			children = (
				0207DA571B56EA530066E2B4 /* Images.xcassets */,
				3047A50E1AB8057F00498E2A /* config */,
				8D1107310486CEB800E47090 /* ShortFilmWindow-Info.plist */,
				F64742A44EEF496C87ECD5E3 /* CDVNotification.bundle */,
			);
			name = Resources;
			path = "ShortFilmWindow/Resources";
			sourceTree = "<group>";
		};
		29B97323FDCFA39411CA2CEA /* Frameworks */ = {
			isa = PBXGroup;
			children = (
				C121DBC13D0A4137B206528F /* AudioToolbox.framework */,
				147A4C348AF34F26A9E78DCC /* CFNetwork.framework */,
				47024A873CD74B31864C3EA8 /* CoreLocation.framework */,
				65DC7F3BAC334EEBB4B0BCD0 /* QuartzCore.framework */,
				8635074F7DFA4917B02363F6 /* Security.framework */,
				8FE0C678DF0D4824B73CF673 /* StoreKit.framework */,
				1BE8AFEBE598488299C51678 /* SystemConfiguration.framework */,
				A6DFC867C6174F43BBFAC3AE /* libz.tbd */,
				D6E609599A0449A497720461 /* libsqlite3.tbd */,
				DB9459A5BC8943B69631A6E9 /* CoreTelephony.framework */,
				182E9BC5F51248FCBBEFAE96 /* Social.framework */,
				AF21946AEC534AF5BB2E14FE /* MessageUI.framework */,
				A7EA0992EF894A6AB7DAF3B8 /* FBSDKCoreKit.framework */,
				1764BF1354E64EC69CA69FA3 /* FBSDKLoginKit.framework */,
				4D68834398B0470B8A53C492 /* FBSDKShareKit.framework */,
				F8A2A618FC6C4981AD4E3F1D /* Parse.framework */,
				98EC69C23D1543618D9DC94F /* Bolts.framework */,
			);
			name = Frameworks;
			sourceTree = "<group>";
		};
		301BF52E109A57CC0062928A /* Products */ = {
			isa = PBXGroup;
			children = (
				301BF535109A57CC0062928A /* libCordova.a */,
			);
			name = Products;
			sourceTree = "<group>";
		};
		3047A50E1AB8057F00498E2A /* config */ = {
			isa = PBXGroup;
			children = (
				3047A50F1AB8059700498E2A /* build-debug.xcconfig */,
				3047A5101AB8059700498E2A /* build-release.xcconfig */,
				3047A5111AB8059700498E2A /* build.xcconfig */,
			);
			name = config;
			sourceTree = "<group>";
		};
		307C750510C5A3420062BCA9 /* Plugins */ = {
			isa = PBXGroup;
			children = (
				446AF9A0CC0548A398A4FCF8 /* CDVLogger.m */,
				933B96B182D04F4694BF3694 /* CDVLogger.h */,
				706F0DA1783E4C5EB61947D8 /* CDVDevice.m */,
				2E25C457B0E74B52ADA03E2B /* CDVDevice.h */,
				7FF32266046E421187535A43 /* CDVNotification.m */,
				35D9538A0D84445EAF0CA0F9 /* CDVNotification.h */,
				EFB465E67B284D938F032BC9 /* FacebookConnectPlugin.m */,
				B45E99FFBC5640B8B8ED5673 /* FacebookConnectPlugin.h */,
				6A31C575F44E4C139FEE3058 /* CDVInAppBrowser.m */,
				041C16118FBD463B8606E389 /* CDVInAppBrowser.h */,
				B184CB3100B9489EB36BCC5F /* CDVSplashScreen.m */,
				28F5B89DEDCC4D20AB503BEE /* CDVViewController+SplashScreen.m */,
				53F03C6E1F8342DAA9D54192 /* CDVSplashScreen.h */,
				A81CFAB7C55048BFA163EA52 /* CDVViewController+SplashScreen.h */,
				1F1F8EED2C3D4ABDBF46E73E /* IonicKeyboard.m */,
				2A0A2B655FCA4ABF8B9879E8 /* IonicKeyboard.h */,
				116D855AA1114C8EA89635CA /* ParsePushPlugin.m */,
				B98CED40685A496EA78A4DA7 /* AppDelegate+parsepush.m */,
				DBD2C056EA1D434FA15CC78C /* ParsePushPlugin.h */,
				AF3F7E3310DC41D2886A91F6 /* AppDelegate+parsepush.h */,
				E9D3DDF47EF346DD8F4C9794 /* CDVConnection.m */,
				A2538BF87126462AA4B547E8 /* CDVReachability.m */,
				E7DFF466625B460F9E16029F /* CDVConnection.h */,
				3F5B984423324C39BF70EC8F /* CDVReachability.h */,
				6C108F0157CD4A3FAEC4462A /* CDVSpinnerDialog.m */,
				C3D21B3AC47441BD83678B2D /* CDVSpinnerDialog.h */,
				EB5DE4C09516469DB4E5C747 /* CDVStatusBar.m */,
				546EEA82DA064EE8AE18BEE1 /* CDVStatusBar.h */,
				611D7367185E43029716FE03 /* NSString+URLEncoding.m */,
				3038603DF2324A04B7648416 /* SocialSharing.m */,
				DB7D491F5CDD44908851BA10 /* NSString+URLEncoding.h */,
				D02775377BDA45E0A7949C84 /* SocialSharing.h */,
				1A53EA01146E47C08E23FF5F /* BackgroundAudio.m */,
				5F999EE68D044F3DB0F5791C /* BackgroundAudio.h */,
			);
			name = Plugins;
			path = "ShortFilmWindow/Plugins";
			sourceTree = SOURCE_ROOT;
		};
		EB87FDF11871DA420020F90C /* Staging */ = {
			isa = PBXGroup;
			children = (
				F840E1F0165FE0F500CFE078 /* config.xml */,
				301BF56E109A69640062928A /* www */,
			);
			name = Staging;
			sourceTree = "<group>";
		};
/* End PBXGroup section */

/* Begin PBXNativeTarget section */
		1D6058900D05DD3D006BFB54 /* ShortFilmWindow */ = {
			isa = PBXNativeTarget;
			buildConfigurationList = 1D6058960D05DD3E006BFB54 /* Build configuration list for PBXNativeTarget "ShortFilmWindow" */;
			buildPhases = (
				304B58A110DAC018002A0835 /* Copy www directory */,
				1D60588D0D05DD3D006BFB54 /* Resources */,
				1D60588E0D05DD3D006BFB54 /* Sources */,
				1D60588F0D05DD3D006BFB54 /* Frameworks */,
			);
			buildRules = (
			);
			dependencies = (
				301BF551109A68C00062928A /* PBXTargetDependency */,
			);
			name = "ShortFilmWindow";
			productName = "ShortFilmWindow";
			productReference = 1D6058910D05DD3D006BFB54 /* ShortFilmWindow.app */;
			productType = "com.apple.product-type.application";
		};
/* End PBXNativeTarget section */

/* Begin PBXProject section */
		29B97313FDCFA39411CA2CEA /* Project object */ = {
			isa = PBXProject;
			attributes = {
				LastUpgradeCheck = 510;
			};
			buildConfigurationList = C01FCF4E08A954540054247B /* Build configuration list for PBXProject "__NON-CLI__" */;
			compatibilityVersion = "Xcode 3.2";
			developmentRegion = English;
			hasScannedForEncodings = 1;
			mainGroup = 29B97314FDCFA39411CA2CEA /* CustomTemplate */;
			projectDirPath = "";
			projectReferences = (
				{
					ProductGroup = 301BF52E109A57CC0062928A /* Products */;
					ProjectRef = 301BF52D109A57CC0062928A /* CordovaLib.xcodeproj */;
				},
			);
			projectRoot = "";
			targets = (
				1D6058900D05DD3D006BFB54 /* ShortFilmWindow */,
			);
		};
/* End PBXProject section */

/* Begin PBXReferenceProxy section */
		301BF535109A57CC0062928A /* libCordova.a */ = {
			isa = PBXReferenceProxy;
			fileType = archive.ar;
			path = libCordova.a;
			remoteRef = 301BF534109A57CC0062928A /* PBXContainerItemProxy */;
			sourceTree = BUILT_PRODUCTS_DIR;
		};
/* End PBXReferenceProxy section */

/* Begin PBXResourcesBuildPhase section */
		1D60588D0D05DD3D006BFB54 /* Resources */ = {
			isa = PBXResourcesBuildPhase;
			buildActionMask = 2147483647;
			files = (
				302D95F214D2391D003F00A1 /* MainViewController.xib in Resources */,
				0207DA581B56EA530066E2B4 /* Images.xcassets in Resources */,
				F42B4EF3652E437CB651EF5B /* CDVNotification.bundle in Resources */,
			);
			runOnlyForDeploymentPostprocessing = 0;
		};
/* End PBXResourcesBuildPhase section */

/* Begin PBXShellScriptBuildPhase section */
		304B58A110DAC018002A0835 /* Copy www directory */ = {
			isa = PBXShellScriptBuildPhase;
			buildActionMask = 2147483647;
			files = (
			);
			inputPaths = (
			);
			name = "Copy www directory";
			outputPaths = (
			);
			runOnlyForDeploymentPostprocessing = 0;
			shellPath = /bin/sh;
			shellScript = "NODEJS_PATH=/usr/local/bin; NVM_NODE_PATH=~/.nvm/versions/node/`nvm version 2>/dev/null`/bin; N_NODE_PATH=`find /usr/local/n/versions/node/* -maxdepth 0 -type d 2>/dev/null | tail -1`/bin; XCODE_NODE_PATH=`xcode-select --print-path`/usr/share/xcs/Node/bin; PATH=$NODEJS_PATH:$NVM_NODE_PATH:$N_NODE_PATH:$XCODE_NODE_PATH:$PATH && node cordova/lib/copy-www-build-step.js";
			showEnvVarsInLog = 0;
		};
/* End PBXShellScriptBuildPhase section */

/* Begin PBXSourcesBuildPhase section */
		1D60588E0D05DD3D006BFB54 /* Sources */ = {
			isa = PBXSourcesBuildPhase;
			buildActionMask = 2147483647;
			files = (
				1D60589B0D05DD56006BFB54 /* main.m in Sources */,
				1D3623260D0F684500981E51 /* AppDelegate.m in Sources */,
				302D95F114D2391D003F00A1 /* MainViewController.m in Sources */,
				B64EE448E9E548FCAD816876 /* CDVLogger.m in Sources */,
				60299AE8D8A349CE91598715 /* CDVDevice.m in Sources */,
				30907F074E5C46B48DE4F79B /* CDVNotification.m in Sources */,
				D6A3096ED46F486E8D8A42FC /* FacebookConnectPlugin.m in Sources */,
				99AE32F723504AC3AB228087 /* CDVInAppBrowser.m in Sources */,
				DE899CAF675345D5A8238D5C /* CDVSplashScreen.m in Sources */,
				92C95848DCEA480C8A1E35F3 /* CDVViewController+SplashScreen.m in Sources */,
				61090554EF62456BAB4B3B3B /* IonicKeyboard.m in Sources */,
				625F975B33EB45ECACABC7AA /* ParsePushPlugin.m in Sources */,
				A8C75D8416B841B4849C38F9 /* AppDelegate+parsepush.m in Sources */,
				361D9AD49DC647658D614FF3 /* CDVConnection.m in Sources */,
				C9F410FA5EFE4F729DE7A172 /* CDVReachability.m in Sources */,
				FAA7242B24334052940EC78B /* CDVSpinnerDialog.m in Sources */,
				50ACCC7B99E44979B2EFA66B /* CDVStatusBar.m in Sources */,
				ED4D88F3AAB14ED1A8848C22 /* NSString+URLEncoding.m in Sources */,
				C6E59BD3512C4C2291EBDDFB /* SocialSharing.m in Sources */,
				3F5AC12B22CD48DA9F6C8104 /* BackgroundAudio.m in Sources */,
			);
			runOnlyForDeploymentPostprocessing = 0;
		};
/* End PBXSourcesBuildPhase section */

/* Begin PBXTargetDependency section */
		301BF551109A68C00062928A /* PBXTargetDependency */ = {
			isa = PBXTargetDependency;
			name = CordovaLib;
			targetProxy = 301BF550109A68C00062928A /* PBXContainerItemProxy */;
		};
/* End PBXTargetDependency section */

/* Begin XCBuildConfiguration section */
		1D6058940D05DD3E006BFB54 /* Debug */ = {
			isa = XCBuildConfiguration;
			baseConfigurationReference = 3047A50F1AB8059700498E2A /* build-debug.xcconfig */;
			buildSettings = {
				ALWAYS_SEARCH_USER_PATHS = NO;
				ASSETCATALOG_COMPILER_APPICON_NAME = AppIcon;
				ASSETCATALOG_COMPILER_LAUNCHIMAGE_NAME = LaunchImage;
				CLANG_ENABLE_MODULES = YES;
				CLANG_ENABLE_OBJC_ARC = YES;
				COPY_PHASE_STRIP = NO;
				GCC_DYNAMIC_NO_PIC = NO;
				GCC_OPTIMIZATION_LEVEL = 0;
				GCC_PRECOMPILE_PREFIX_HEADER = YES;
				GCC_PREFIX_HEADER = "ShortFilmWindow/ShortFilmWindow-Prefix.pch";
				GCC_THUMB_SUPPORT = NO;
				GCC_VERSION = "";
				INFOPLIST_FILE = "ShortFilmWindow/ShortFilmWindow-Info.plist";
				LD_RUNPATH_SEARCH_PATHS = "@executable_path/Frameworks";
				PRODUCT_NAME = "ShortFilmWindow";
				FRAMEWORK_SEARCH_PATHS = (
					"$(inherited)",
					"\"ShortFilmWindow/Plugins/com.phonegap.parsepushplugin\"",
					"\"ShortFilmWindow/Plugins/com.phonegap.parsepushplugin\"",
					"\"ShortFilmWindow/Plugins/cordova-plugin-facebook4\"",
					"\"ShortFilmWindow/Plugins/cordova-plugin-facebook4\"",
					"\"ShortFilmWindow/Plugins/cordova-plugin-facebook4\"",
					"\"ShortFilmWindow/Plugins/cordova-plugin-facebook4\"",
					"\"ShortFilmWindow/Plugins/cordova-plugin-facebook4\"",
					"\"ShortFilmWindow/Plugins/cordova-plugin-facebook4\"",
					"\"ShortFilmWindow/Plugins/cordova-plugin-facebook4\"",
					"\"ShortFilmWindow/Plugins/com.phonegap.parsepushplugin\"",
					"\"ShortFilmWindow/Plugins/com.phonegap.parsepushplugin\"",
				);
			};
			name = Debug;
		};
		1D6058950D05DD3E006BFB54 /* Release */ = {
			isa = XCBuildConfiguration;
			baseConfigurationReference = 3047A5101AB8059700498E2A /* build-release.xcconfig */;
			buildSettings = {
				ALWAYS_SEARCH_USER_PATHS = NO;
				ASSETCATALOG_COMPILER_APPICON_NAME = AppIcon;
				ASSETCATALOG_COMPILER_LAUNCHIMAGE_NAME = LaunchImage;
				CLANG_ENABLE_MODULES = YES;
				CLANG_ENABLE_OBJC_ARC = YES;
				COPY_PHASE_STRIP = YES;
				GCC_PRECOMPILE_PREFIX_HEADER = YES;
				GCC_PREFIX_HEADER = "ShortFilmWindow/ShortFilmWindow-Prefix.pch";
				GCC_THUMB_SUPPORT = NO;
				GCC_VERSION = "";
				INFOPLIST_FILE = "ShortFilmWindow/ShortFilmWindow-Info.plist";
				PRODUCT_NAME = "ShortFilmWindow";
				FRAMEWORK_SEARCH_PATHS = (
					"$(inherited)",
					"\"ShortFilmWindow/Plugins/com.phonegap.parsepushplugin\"",
					"\"ShortFilmWindow/Plugins/com.phonegap.parsepushplugin\"",
					"\"ShortFilmWindow/Plugins/cordova-plugin-facebook4\"",
					"\"ShortFilmWindow/Plugins/cordova-plugin-facebook4\"",
					"\"ShortFilmWindow/Plugins/cordova-plugin-facebook4\"",
					"\"ShortFilmWindow/Plugins/cordova-plugin-facebook4\"",
					"\"ShortFilmWindow/Plugins/cordova-plugin-facebook4\"",
					"\"ShortFilmWindow/Plugins/cordova-plugin-facebook4\"",
					"\"ShortFilmWindow/Plugins/cordova-plugin-facebook4\"",
					"\"ShortFilmWindow/Plugins/com.phonegap.parsepushplugin\"",
					"\"ShortFilmWindow/Plugins/com.phonegap.parsepushplugin\"",
				);
			};
			name = Release;
		};
		C01FCF4F08A954540054247B /* Debug */ = {
			isa = XCBuildConfiguration;
			baseConfigurationReference = 3047A5111AB8059700498E2A /* build.xcconfig */;
			buildSettings = {
				CLANG_ENABLE_MODULES = YES;
				CLANG_ENABLE_OBJC_ARC = YES;
				CLANG_WARN_BOOL_CONVERSION = YES;
				CLANG_WARN_CONSTANT_CONVERSION = YES;
				CLANG_WARN_EMPTY_BODY = YES;
				CLANG_WARN_ENUM_CONVERSION = YES;
				CLANG_WARN_INT_CONVERSION = YES;
				CLANG_WARN__DUPLICATE_METHOD_MATCH = YES;
				GCC_C_LANGUAGE_STANDARD = c99;
				GCC_THUMB_SUPPORT = NO;
				GCC_VERSION = "";
				GCC_WARN_ABOUT_RETURN_TYPE = YES;
				GCC_WARN_UNDECLARED_SELECTOR = YES;
				GCC_WARN_UNINITIALIZED_AUTOS = YES;
				GCC_WARN_UNUSED_FUNCTION = YES;
				GCC_WARN_UNUSED_VARIABLE = YES;
				ONLY_ACTIVE_ARCH = YES;
				SDKROOT = iphoneos;
				SKIP_INSTALL = NO;
			};
			name = Debug;
		};
		C01FCF5008A954540054247B /* Release */ = {
			isa = XCBuildConfiguration;
			baseConfigurationReference = 3047A5111AB8059700498E2A /* build.xcconfig */;
			buildSettings = {
				CLANG_ENABLE_MODULES = YES;
				CLANG_ENABLE_OBJC_ARC = YES;
				CLANG_WARN_BOOL_CONVERSION = YES;
				CLANG_WARN_CONSTANT_CONVERSION = YES;
				CLANG_WARN_EMPTY_BODY = YES;
				CLANG_WARN_ENUM_CONVERSION = YES;
				CLANG_WARN_INT_CONVERSION = YES;
				CLANG_WARN__DUPLICATE_METHOD_MATCH = YES;
				GCC_C_LANGUAGE_STANDARD = c99;
				GCC_THUMB_SUPPORT = NO;
				GCC_VERSION = "";
				GCC_WARN_ABOUT_RETURN_TYPE = YES;
				GCC_WARN_UNDECLARED_SELECTOR = YES;
				GCC_WARN_UNINITIALIZED_AUTOS = YES;
				GCC_WARN_UNUSED_FUNCTION = YES;
				GCC_WARN_UNUSED_VARIABLE = YES;
				SDKROOT = iphoneos;
				SKIP_INSTALL = NO;
			};
			name = Release;
		};
/* End XCBuildConfiguration section */

/* Begin XCConfigurationList section */
		1D6058960D05DD3E006BFB54 /* Build configuration list for PBXNativeTarget "ShortFilmWindow" */ = {
			isa = XCConfigurationList;
			buildConfigurations = (
				1D6058940D05DD3E006BFB54 /* Debug */,
				1D6058950D05DD3E006BFB54 /* Release */,
			);
			defaultConfigurationIsVisible = 0;
			defaultConfigurationName = Release;
		};
		C01FCF4E08A954540054247B /* Build configuration list for PBXProject "__NON-CLI__" */ = {
			isa = XCConfigurationList;
			buildConfigurations = (
				C01FCF4F08A954540054247B /* Debug */,
				C01FCF5008A954540054247B /* Release */,
			);
			defaultConfigurationIsVisible = 0;
			defaultConfigurationName = Release;
		};
/* End XCConfigurationList section */
	};
	rootObject = 29B97313FDCFA39411CA2CEA /* Project object */;
}
